
Microsoft Visual Studio Solution File, Format Version 12.00
# Visual Studio Version 17
VisualStudioVersion = 17.5.002.0
MinimumVisualStudioVersion = 10.0.40219.1
Project("{9A19103F-16F7-4668-BE54-9A1E7A4F7556}") = "Method", "Method.csproj", "{4BF07DF4-D544-4BEA-96C0-161435C6EF90}"
EndProject
Global
	GlobalSection(SolutionConfigurationPlatforms) = preSolution
		Debug|Any CPU = Debug|Any CPU
		Release|Any CPU = Release|Any CPU
	EndGlobalSection
	GlobalSection(ProjectConfigurationPlatforms) = postSolution
		{4BF07DF4-D544-4BEA-96C0-161435C6EF90}.Debug|Any CPU.ActiveCfg = Debug|Any CPU
		{4BF07DF4-D544-4BEA-96C0-161435C6EF90}.Debug|Any CPU.Build.0 = Debug|Any CPU
		{4BF07DF4-D544-4BEA-96C0-161435C6EF90}.Release|Any CPU.ActiveCfg = Release|Any CPU
		{4BF07DF4-D544-4BEA-96C0-161435C6EF90}.Release|Any CPU.Build.0 = Release|Any CPU
	EndGlobalSection
	GlobalSection(SolutionProperties) = preSolution
		HideSolutionNode = FALSE
	EndGlobalSection
	GlobalSection(ExtensibilityGlobals) = postSolution
		SolutionGuid = {F62020C0-EC88-4190-B0C2-47D858F1EDDC}
	EndGlobalSection
EndGlobal
