
Microsoft Visual Studio Solution File, Format Version 12.00
Project("{FAE04EC0-301F-11D3-BF4B-00C04F79EFBC}") = "BasicMVC", "BasicMVC.csproj", "{AB49E57B-9602-40FE-9D84-A93EA688831B}"
EndProject
Global
	GlobalSection(SolutionConfigurationPlatforms) = preSolution
		Debug|Any CPU = Debug|Any CPU
		Release|Any CPU = Release|Any CPU
	EndGlobalSection
	GlobalSection(ProjectConfigurationPlatforms) = postSolution
		{AB49E57B-9602-40FE-9D84-A93EA688831B}.Debug|Any CPU.ActiveCfg = Debug|Any CPU
		{AB49E57B-9602-40FE-9D84-A93EA688831B}.Debug|Any CPU.Build.0 = Debug|Any CPU
		{AB49E57B-9602-40FE-9D84-A93EA688831B}.Release|Any CPU.ActiveCfg = Release|Any CPU
		{AB49E57B-9602-40FE-9D84-A93EA688831B}.Release|Any CPU.Build.0 = Release|Any CPU
	EndGlobalSection
EndGlobal
