
Microsoft Visual Studio Solution File, Format Version 12.00
Project("{FAE04EC0-301F-11D3-BF4B-00C04F79EFBC}") = "IMDB", "IMDB.csproj", "{C7C639D9-46CE-4CBB-B498-109DD60D7B12}"
EndProject
Global
	GlobalSection(SolutionConfigurationPlatforms) = preSolution
		Debug|Any CPU = Debug|Any CPU
		Release|Any CPU = Release|Any CPU
	EndGlobalSection
	GlobalSection(ProjectConfigurationPlatforms) = postSolution
		{C7C639D9-46CE-4CBB-B498-109DD60D7B12}.Debug|Any CPU.ActiveCfg = Debug|Any CPU
		{C7C639D9-46CE-4CBB-B498-109DD60D7B12}.Debug|Any CPU.Build.0 = Debug|Any CPU
		{C7C639D9-46CE-4CBB-B498-109DD60D7B12}.Release|Any CPU.ActiveCfg = Release|Any CPU
		{C7C639D9-46CE-4CBB-B498-109DD60D7B12}.Release|Any CPU.Build.0 = Release|Any CPU
	EndGlobalSection
EndGlobal
