
Microsoft Visual Studio Solution File, Format Version 12.00
# Visual Studio Version 17
VisualStudioVersion = 17.5.002.0
MinimumVisualStudioVersion = 10.0.40219.1
Project("{9A19103F-16F7-4668-BE54-9A1E7A4F7556}") = "While", "While.csproj", "{64C4807A-50F4-4C25-9138-6E455C53BF76}"
EndProject
Global
	GlobalSection(SolutionConfigurationPlatforms) = preSolution
		Debug|Any CPU = Debug|Any CPU
		Release|Any CPU = Release|Any CPU
	EndGlobalSection
	GlobalSection(ProjectConfigurationPlatforms) = postSolution
		{64C4807A-50F4-4C25-9138-6E455C53BF76}.Debug|Any CPU.ActiveCfg = Debug|Any CPU
		{64C4807A-50F4-4C25-9138-6E455C53BF76}.Debug|Any CPU.Build.0 = Debug|Any CPU
		{64C4807A-50F4-4C25-9138-6E455C53BF76}.Release|Any CPU.ActiveCfg = Release|Any CPU
		{64C4807A-50F4-4C25-9138-6E455C53BF76}.Release|Any CPU.Build.0 = Release|Any CPU
	EndGlobalSection
	GlobalSection(SolutionProperties) = preSolution
		HideSolutionNode = FALSE
	EndGlobalSection
	GlobalSection(ExtensibilityGlobals) = postSolution
		SolutionGuid = {5D122295-BBB2-4DA9-8A9F-D7BE3B72B9FB}
	EndGlobalSection
EndGlobal
